github.com/correiostech/rastro v1.0.1 h1:/eoPgpvDQGV/TTAVvcE8U/Cs/cUXAcD/f2aXmXI+/HE=
github.com/correiostech/rastro v1.0.1/go.mod h1:wkr3qszeAc68IL5+hvLtX5L+H+MYwT6bgFiydKr4oSg=
github.com/correiostech/token v1.0.0 h1:FZt7zp6T92O+KQQqHy0sZvPrTePDUfATFSRUVI4ZtT8=
github.com/correiostech/token v1.0.0/go.mod h1:fZ+oLYOtcePiE8Zad0f7DGhObJeVTkhgFgU1Wpz7LCM=
